
Microsoft Visual Studio Solution File, Format Version 12.00
# Visual Studio 15
VisualStudioVersion = 15.0.28307.539
MinimumVisualStudioVersion = 10.0.40219.1
Project("{FAE04EC0-301F-11D3-BF4B-00C04F79EFBC}") = "AlgorithmsOfProtectionInformation6", "AlgorithmsOfProtectionInformation6\AlgorithmsOfProtectionInformation6.csproj", "{234155A1-1280-4555-A755-681B38CBCC02}"
EndProject
Global
	GlobalSection(SolutionConfigurationPlatforms) = preSolution
		Debug|Any CPU = Debug|Any CPU
		Release|Any CPU = Release|Any CPU
	EndGlobalSection
	GlobalSection(ProjectConfigurationPlatforms) = postSolution
		{234155A1-1280-4555-A755-681B38CBCC02}.Debug|Any CPU.ActiveCfg = Debug|Any CPU
		{234155A1-1280-4555-A755-681B38CBCC02}.Debug|Any CPU.Build.0 = Debug|Any CPU
		{234155A1-1280-4555-A755-681B38CBCC02}.Release|Any CPU.ActiveCfg = Release|Any CPU
		{234155A1-1280-4555-A755-681B38CBCC02}.Release|Any CPU.Build.0 = Release|Any CPU
	EndGlobalSection
	GlobalSection(SolutionProperties) = preSolution
		HideSolutionNode = FALSE
	EndGlobalSection
	GlobalSection(ExtensibilityGlobals) = postSolution
		SolutionGuid = {99CD79E8-D09A-4A88-A820-E803DCFD958F}
	EndGlobalSection
EndGlobal
